
Microsoft Visual Studio Solution File, Format Version 12.00
# Visual Studio Version 17
VisualStudioVersion = 17.4.33213.308
MinimumVisualStudioVersion = 10.0.40219.1
Project("{9A19103F-16F7-4668-BE54-9A1E7A4F7556}") = "MediaMather", "MediaMather.csproj", "{E3ED14D3-9D03-41ED-8772-D37FC1B39F28}"
EndProject
Project("{FAE04EC0-301F-11D3-BF4B-00C04F79EFBC}") = "MediaTester", "..\MediaTester\MediaTester.csproj", "{D0FDCA9D-0D94-48CF-914D-922A91772AD1}"
	ProjectSection(ProjectDependencies) = postProject
		{E3ED14D3-9D03-41ED-8772-D37FC1B39F28} = {E3ED14D3-9D03-41ED-8772-D37FC1B39F28}
	EndProjectSection
EndProject
Global
	GlobalSection(SolutionConfigurationPlatforms) = preSolution
		Debug|Any CPU = Debug|Any CPU
		Release|Any CPU = Release|Any CPU
	EndGlobalSection
	GlobalSection(ProjectConfigurationPlatforms) = postSolution
		{E3ED14D3-9D03-41ED-8772-D37FC1B39F28}.Debug|Any CPU.ActiveCfg = Debug|Any CPU
		{E3ED14D3-9D03-41ED-8772-D37FC1B39F28}.Debug|Any CPU.Build.0 = Debug|Any CPU
		{E3ED14D3-9D03-41ED-8772-D37FC1B39F28}.Release|Any CPU.ActiveCfg = Release|Any CPU
		{E3ED14D3-9D03-41ED-8772-D37FC1B39F28}.Release|Any CPU.Build.0 = Release|Any CPU
		{D0FDCA9D-0D94-48CF-914D-922A91772AD1}.Debug|Any CPU.ActiveCfg = Debug|Any CPU
		{D0FDCA9D-0D94-48CF-914D-922A91772AD1}.Debug|Any CPU.Build.0 = Debug|Any CPU
		{D0FDCA9D-0D94-48CF-914D-922A91772AD1}.Release|Any CPU.ActiveCfg = Release|Any CPU
		{D0FDCA9D-0D94-48CF-914D-922A91772AD1}.Release|Any CPU.Build.0 = Release|Any CPU
	EndGlobalSection
	GlobalSection(SolutionProperties) = preSolution
		HideSolutionNode = FALSE
	EndGlobalSection
	GlobalSection(ExtensibilityGlobals) = postSolution
		SolutionGuid = {3EDF29D6-2E66-4400-9BF7-42D42C6ABC24}
	EndGlobalSection
EndGlobal
